
Microsoft Visual Studio Solution File, Format Version 12.00
# Visual Studio Version 16
VisualStudioVersion = 16.0.30611.23
MinimumVisualStudioVersion = 10.0.40219.1
Project("{FAE04EC0-301F-11D3-BF4B-00C04F79EFBC}") = "FiniteAutomata0", "FiniteAutomata0\FiniteAutomata0.csproj", "{993A5D75-4636-4590-BFCC-9CB5A275A1E2}"
EndProject
Project("{FAE04EC0-301F-11D3-BF4B-00C04F79EFBC}") = "MoGra", "MoGra\MoGra.csproj", "{20953341-845E-44AD-8C39-7A1C6895704D}"
EndProject
Project("{FAE04EC0-301F-11D3-BF4B-00C04F79EFBC}") = "FiniteAutomata0Console", "FiniteAutomata0Console\FiniteAutomata0Console.csproj", "{369BE037-CCFB-4872-BDE9-814F68A7D6CC}"
EndProject
Global
	GlobalSection(SolutionConfigurationPlatforms) = preSolution
		Debug|Any CPU = Debug|Any CPU
		Release|Any CPU = Release|Any CPU
	EndGlobalSection
	GlobalSection(ProjectConfigurationPlatforms) = postSolution
		{993A5D75-4636-4590-BFCC-9CB5A275A1E2}.Debug|Any CPU.ActiveCfg = Debug|Any CPU
		{993A5D75-4636-4590-BFCC-9CB5A275A1E2}.Debug|Any CPU.Build.0 = Debug|Any CPU
		{993A5D75-4636-4590-BFCC-9CB5A275A1E2}.Release|Any CPU.ActiveCfg = Release|Any CPU
		{993A5D75-4636-4590-BFCC-9CB5A275A1E2}.Release|Any CPU.Build.0 = Release|Any CPU
		{20953341-845E-44AD-8C39-7A1C6895704D}.Debug|Any CPU.ActiveCfg = Debug|Any CPU
		{20953341-845E-44AD-8C39-7A1C6895704D}.Debug|Any CPU.Build.0 = Debug|Any CPU
		{20953341-845E-44AD-8C39-7A1C6895704D}.Release|Any CPU.ActiveCfg = Release|Any CPU
		{20953341-845E-44AD-8C39-7A1C6895704D}.Release|Any CPU.Build.0 = Release|Any CPU
		{369BE037-CCFB-4872-BDE9-814F68A7D6CC}.Debug|Any CPU.ActiveCfg = Debug|Any CPU
		{369BE037-CCFB-4872-BDE9-814F68A7D6CC}.Debug|Any CPU.Build.0 = Debug|Any CPU
		{369BE037-CCFB-4872-BDE9-814F68A7D6CC}.Release|Any CPU.ActiveCfg = Release|Any CPU
		{369BE037-CCFB-4872-BDE9-814F68A7D6CC}.Release|Any CPU.Build.0 = Release|Any CPU
	EndGlobalSection
	GlobalSection(SolutionProperties) = preSolution
		HideSolutionNode = FALSE
	EndGlobalSection
	GlobalSection(ExtensibilityGlobals) = postSolution
		SolutionGuid = {7449FC5E-05B9-4014-BDC6-89F10BD7619A}
	EndGlobalSection
EndGlobal
